
Microsoft Visual Studio Solution File, Format Version 12.00
# Visual Studio 14
VisualStudioVersion = 14.0.25420.1
MinimumVisualStudioVersion = 10.0.40219.1
Project("{F184B08F-C81C-45F6-A57F-5ABD9991F28F}") = "CountryFlag", "CountryFlag\CountryFlag.vbproj", "{59A052E3-04D8-4D0A-BADE-A9740DE4D151}"
EndProject
Project("{F184B08F-C81C-45F6-A57F-5ABD9991F28F}") = "Flags", "Flags\Flags.vbproj", "{65092D4E-616E-4B1F-BFBA-D05B14AD1A5C}"
EndProject
Global
	GlobalSection(SolutionConfigurationPlatforms) = preSolution
		Debug|Any CPU = Debug|Any CPU
		Release|Any CPU = Release|Any CPU
	EndGlobalSection
	GlobalSection(ProjectConfigurationPlatforms) = postSolution
		{59A052E3-04D8-4D0A-BADE-A9740DE4D151}.Debug|Any CPU.ActiveCfg = Debug|Any CPU
		{59A052E3-04D8-4D0A-BADE-A9740DE4D151}.Debug|Any CPU.Build.0 = Debug|Any CPU
		{59A052E3-04D8-4D0A-BADE-A9740DE4D151}.Release|Any CPU.ActiveCfg = Release|Any CPU
		{59A052E3-04D8-4D0A-BADE-A9740DE4D151}.Release|Any CPU.Build.0 = Release|Any CPU
		{65092D4E-616E-4B1F-BFBA-D05B14AD1A5C}.Debug|Any CPU.ActiveCfg = Debug|Any CPU
		{65092D4E-616E-4B1F-BFBA-D05B14AD1A5C}.Debug|Any CPU.Build.0 = Debug|Any CPU
		{65092D4E-616E-4B1F-BFBA-D05B14AD1A5C}.Release|Any CPU.ActiveCfg = Debug|Any CPU
		{65092D4E-616E-4B1F-BFBA-D05B14AD1A5C}.Release|Any CPU.Build.0 = Debug|Any CPU
	EndGlobalSection
	GlobalSection(SolutionProperties) = preSolution
		HideSolutionNode = FALSE
	EndGlobalSection
EndGlobal
